
Microsoft Visual Studio Solution File, Format Version 12.00
# Visual Studio 2012
Project("{FAE04EC0-301F-11D3-BF4B-00C04F79EFBC}") = "CorygfitnessLib", "CorygfitnessLib\CorygfitnessLib.csproj", "{E2A6E249-E7BA-4522-9E91-90D4CABF204C}"
EndProject
Project("{FAE04EC0-301F-11D3-BF4B-00C04F79EFBC}") = "Libtest", "Libtest\Libtest.csproj", "{A5939B05-3DAD-4C39-96B6-8F9274F0AA0A}"
EndProject
Project("{2150E333-8FDC-42A3-9474-1A3956D46DE8}") = "Solution Items", "Solution Items", "{2AB5C20C-AFB5-43CB-92D8-7D3E06E8EBF9}"
	ProjectSection(SolutionItems) = preProject
		readme.md = readme.md
	EndProjectSection
EndProject
Global
	GlobalSection(SolutionConfigurationPlatforms) = preSolution
		Debug|Any CPU = Debug|Any CPU
		Release|Any CPU = Release|Any CPU
	EndGlobalSection
	GlobalSection(ProjectConfigurationPlatforms) = postSolution
		{E2A6E249-E7BA-4522-9E91-90D4CABF204C}.Debug|Any CPU.ActiveCfg = Debug|Any CPU
		{E2A6E249-E7BA-4522-9E91-90D4CABF204C}.Debug|Any CPU.Build.0 = Debug|Any CPU
		{E2A6E249-E7BA-4522-9E91-90D4CABF204C}.Release|Any CPU.ActiveCfg = Release|Any CPU
		{E2A6E249-E7BA-4522-9E91-90D4CABF204C}.Release|Any CPU.Build.0 = Release|Any CPU
		{A5939B05-3DAD-4C39-96B6-8F9274F0AA0A}.Debug|Any CPU.ActiveCfg = Debug|Any CPU
		{A5939B05-3DAD-4C39-96B6-8F9274F0AA0A}.Debug|Any CPU.Build.0 = Debug|Any CPU
		{A5939B05-3DAD-4C39-96B6-8F9274F0AA0A}.Release|Any CPU.ActiveCfg = Release|Any CPU
		{A5939B05-3DAD-4C39-96B6-8F9274F0AA0A}.Release|Any CPU.Build.0 = Release|Any CPU
	EndGlobalSection
EndGlobal
